
Microsoft Visual Studio Solution File, Format Version 12.00
# Visual Studio Version 16
VisualStudioVersion = 16.0.31515.178
MinimumVisualStudioVersion = 10.0.40219.1
Project("{FAE04EC0-301F-11D3-BF4B-00C04F79EFBC}") = "практика", "практика\практика.csproj", "{76743534-DE89-44B4-8765-DE76AB8A102C}"
EndProject
Global
	GlobalSection(SolutionConfigurationPlatforms) = preSolution
		Debug|Any CPU = Debug|Any CPU
		Release|Any CPU = Release|Any CPU
	EndGlobalSection
	GlobalSection(ProjectConfigurationPlatforms) = postSolution
		{76743534-DE89-44B4-8765-DE76AB8A102C}.Debug|Any CPU.ActiveCfg = Debug|Any CPU
		{76743534-DE89-44B4-8765-DE76AB8A102C}.Debug|Any CPU.Build.0 = Debug|Any CPU
		{76743534-DE89-44B4-8765-DE76AB8A102C}.Release|Any CPU.ActiveCfg = Release|Any CPU
		{76743534-DE89-44B4-8765-DE76AB8A102C}.Release|Any CPU.Build.0 = Release|Any CPU
	EndGlobalSection
	GlobalSection(SolutionProperties) = preSolution
		HideSolutionNode = FALSE
	EndGlobalSection
	GlobalSection(ExtensibilityGlobals) = postSolution
		SolutionGuid = {1085CA6C-AB75-45B7-B958-596255A1C430}
	EndGlobalSection
EndGlobal
